Microsoft Visual Studio Solution File, Format Version 12.00
# Visual Studio Version 17
VisualStudioVersion = 17.5.2.0
MinimumVisualStudioVersion = 10.0.40219.1
Project("{FAE04EC0-301F-11D3-BF4B-00C04F79EFBC}") = "AppPresupuestosSockets", "AppPresupuestosSockets.csproj", "{1A708412-9732-907E-B96F-9573EB7FF387}"
EndProject
Global
	GlobalSection(SolutionConfigurationPlatforms) = preSolution
		Debug|Any CPU = Debug|Any CPU
		Release|Any CPU = Release|Any CPU
	EndGlobalSection
	GlobalSection(ProjectConfigurationPlatforms) = postSolution
		{1A708412-9732-907E-B96F-9573EB7FF387}.Debug|Any CPU.ActiveCfg = Debug|Any CPU
		{1A708412-9732-907E-B96F-9573EB7FF387}.Debug|Any CPU.Build.0 = Debug|Any CPU
		{1A708412-9732-907E-B96F-9573EB7FF387}.Release|Any CPU.ActiveCfg = Release|Any CPU
		{1A708412-9732-907E-B96F-9573EB7FF387}.Release|Any CPU.Build.0 = Release|Any CPU
	EndGlobalSection
	GlobalSection(SolutionProperties) = preSolution
		HideSolutionNode = FALSE
	EndGlobalSection
	GlobalSection(ExtensibilityGlobals) = postSolution
		SolutionGuid = {A329D0EB-4442-44D6-8AC8-A43505D59F72}
	EndGlobalSection
EndGlobal
